
Microsoft Visual Studio Solution File, Format Version 12.00
Project("{FAE04EC0-301F-11D3-BF4B-00C04F79EFBC}") = "Plank", "Plank\Plank.csproj", "{01C336EB-C4FE-4883-AC6A-C058FE715647}"
EndProject
Project("{FAE04EC0-301F-11D3-BF4B-00C04F79EFBC}") = "Plank.Tests", "Plank.Tests\Plank.Tests.csproj", "{36DE61C8-BA9B-4DF1-B05B-23347CDEE47C}"
EndProject
Project("{FAE04EC0-301F-11D3-BF4B-00C04F79EFBC}") = "Plank.IO.ZeroAlloc", "Plank.IO.ZeroAlloc\Plank.IO.ZeroAlloc.csproj", "{6C35D447-6C31-4619-AE10-909132A8609A}"
EndProject
Project("{FAE04EC0-301F-11D3-BF4B-00C04F79EFBC}") = "Plank.SourceGen", "Plank.SourceGen\Plank.SourceGen.csproj", "{1F6808C8-595A-4C7C-9D83-758AEADF94EA}"
EndProject
Project("{FAE04EC0-301F-11D3-BF4B-00C04F79EFBC}") = "Plank.Benchmarks", "Plank.Benchmarks\Plank.Benchmarks.csproj", "{8A3D9461-BB38-4933-A3A8-3D3EDD0A4781}"
EndProject
Project("{FAE04EC0-301F-11D3-BF4B-00C04F79EFBC}") = "Plank.IO.ZeroAlloc.Tests", "Plank.IO.ZeroAlloc.Tests\Plank.IO.ZeroAlloc.Tests.csproj", "{3DC72125-982B-4A7A-80FF-C607979DC6E6}"
EndProject
Project("{FAE04EC0-301F-11D3-BF4B-00C04F79EFBC}") = "Plank.ThroughputBenchmarks", "Plank.ThroughputBenchmarks\Plank.ThroughputBenchmarks.csproj", "{C0247806-F6A0-49CF-AF59-9244C0747BCA}"
EndProject
Global
	GlobalSection(SolutionConfigurationPlatforms) = preSolution
		Debug|Any CPU = Debug|Any CPU
		Debug|x64 = Debug|x64
		Debug|x86 = Debug|x86
		Release|Any CPU = Release|Any CPU
		Release|x64 = Release|x64
		Release|x86 = Release|x86
	EndGlobalSection
	GlobalSection(ProjectConfigurationPlatforms) = postSolution
		{01C336EB-C4FE-4883-AC6A-C058FE715647}.Debug|Any CPU.ActiveCfg = Debug|Any CPU
		{01C336EB-C4FE-4883-AC6A-C058FE715647}.Debug|Any CPU.Build.0 = Debug|Any CPU
		{01C336EB-C4FE-4883-AC6A-C058FE715647}.Debug|x64.ActiveCfg = Debug|Any CPU
		{01C336EB-C4FE-4883-AC6A-C058FE715647}.Debug|x64.Build.0 = Debug|Any CPU
		{01C336EB-C4FE-4883-AC6A-C058FE715647}.Debug|x86.ActiveCfg = Debug|Any CPU
		{01C336EB-C4FE-4883-AC6A-C058FE715647}.Debug|x86.Build.0 = Debug|Any CPU
		{01C336EB-C4FE-4883-AC6A-C058FE715647}.Release|Any CPU.ActiveCfg = Release|Any CPU
		{01C336EB-C4FE-4883-AC6A-C058FE715647}.Release|Any CPU.Build.0 = Release|Any CPU
		{01C336EB-C4FE-4883-AC6A-C058FE715647}.Release|x64.ActiveCfg = Release|Any CPU
		{01C336EB-C4FE-4883-AC6A-C058FE715647}.Release|x64.Build.0 = Release|Any CPU
		{01C336EB-C4FE-4883-AC6A-C058FE715647}.Release|x86.ActiveCfg = Release|Any CPU
		{01C336EB-C4FE-4883-AC6A-C058FE715647}.Release|x86.Build.0 = Release|Any CPU
		{36DE61C8-BA9B-4DF1-B05B-23347CDEE47C}.Debug|Any CPU.ActiveCfg = Debug|Any CPU
		{36DE61C8-BA9B-4DF1-B05B-23347CDEE47C}.Debug|Any CPU.Build.0 = Debug|Any CPU
		{36DE61C8-BA9B-4DF1-B05B-23347CDEE47C}.Debug|x64.ActiveCfg = Debug|Any CPU
		{36DE61C8-BA9B-4DF1-B05B-23347CDEE47C}.Debug|x64.Build.0 = Debug|Any CPU
		{36DE61C8-BA9B-4DF1-B05B-23347CDEE47C}.Debug|x86.ActiveCfg = Debug|Any CPU
		{36DE61C8-BA9B-4DF1-B05B-23347CDEE47C}.Debug|x86.Build.0 = Debug|Any CPU
		{36DE61C8-BA9B-4DF1-B05B-23347CDEE47C}.Release|Any CPU.ActiveCfg = Release|Any CPU
		{36DE61C8-BA9B-4DF1-B05B-23347CDEE47C}.Release|Any CPU.Build.0 = Release|Any CPU
		{36DE61C8-BA9B-4DF1-B05B-23347CDEE47C}.Release|x64.ActiveCfg = Release|Any CPU
		{36DE61C8-BA9B-4DF1-B05B-23347CDEE47C}.Release|x64.Build.0 = Release|Any CPU
		{36DE61C8-BA9B-4DF1-B05B-23347CDEE47C}.Release|x86.ActiveCfg = Release|Any CPU
		{36DE61C8-BA9B-4DF1-B05B-23347CDEE47C}.Release|x86.Build.0 = Release|Any CPU
		{6C35D447-6C31-4619-AE10-909132A8609A}.Debug|Any CPU.ActiveCfg = Debug|Any CPU
		{6C35D447-6C31-4619-AE10-909132A8609A}.Debug|Any CPU.Build.0 = Debug|Any CPU
		{6C35D447-6C31-4619-AE10-909132A8609A}.Debug|x64.ActiveCfg = Debug|Any CPU
		{6C35D447-6C31-4619-AE10-909132A8609A}.Debug|x64.Build.0 = Debug|Any CPU
		{6C35D447-6C31-4619-AE10-909132A8609A}.Debug|x86.ActiveCfg = Debug|Any CPU
		{6C35D447-6C31-4619-AE10-909132A8609A}.Debug|x86.Build.0 = Debug|Any CPU
		{6C35D447-6C31-4619-AE10-909132A8609A}.Release|Any CPU.ActiveCfg = Release|Any CPU
		{6C35D447-6C31-4619-AE10-909132A8609A}.Release|Any CPU.Build.0 = Release|Any CPU
		{6C35D447-6C31-4619-AE10-909132A8609A}.Release|x64.ActiveCfg = Release|Any CPU
		{6C35D447-6C31-4619-AE10-909132A8609A}.Release|x64.Build.0 = Release|Any CPU
		{6C35D447-6C31-4619-AE10-909132A8609A}.Release|x86.ActiveCfg = Release|Any CPU
		{6C35D447-6C31-4619-AE10-909132A8609A}.Release|x86.Build.0 = Release|Any CPU
		{1F6808C8-595A-4C7C-9D83-758AEADF94EA}.Debug|Any CPU.ActiveCfg = Debug|Any CPU
		{1F6808C8-595A-4C7C-9D83-758AEADF94EA}.Debug|Any CPU.Build.0 = Debug|Any CPU
		{1F6808C8-595A-4C7C-9D83-758AEADF94EA}.Debug|x64.ActiveCfg = Debug|Any CPU
		{1F6808C8-595A-4C7C-9D83-758AEADF94EA}.Debug|x64.Build.0 = Debug|Any CPU
		{1F6808C8-595A-4C7C-9D83-758AEADF94EA}.Debug|x86.ActiveCfg = Debug|Any CPU
		{1F6808C8-595A-4C7C-9D83-758AEADF94EA}.Debug|x86.Build.0 = Debug|Any CPU
		{1F6808C8-595A-4C7C-9D83-758AEADF94EA}.Release|Any CPU.ActiveCfg = Release|Any CPU
		{1F6808C8-595A-4C7C-9D83-758AEADF94EA}.Release|Any CPU.Build.0 = Release|Any CPU
		{1F6808C8-595A-4C7C-9D83-758AEADF94EA}.Release|x64.ActiveCfg = Release|Any CPU
		{1F6808C8-595A-4C7C-9D83-758AEADF94EA}.Release|x64.Build.0 = Release|Any CPU
		{1F6808C8-595A-4C7C-9D83-758AEADF94EA}.Release|x86.ActiveCfg = Release|Any CPU
		{1F6808C8-595A-4C7C-9D83-758AEADF94EA}.Release|x86.Build.0 = Release|Any CPU
		{8A3D9461-BB38-4933-A3A8-3D3EDD0A4781}.Debug|Any CPU.ActiveCfg = Debug|Any CPU
		{8A3D9461-BB38-4933-A3A8-3D3EDD0A4781}.Debug|Any CPU.Build.0 = Debug|Any CPU
		{8A3D9461-BB38-4933-A3A8-3D3EDD0A4781}.Debug|x64.ActiveCfg = Debug|Any CPU
		{8A3D9461-BB38-4933-A3A8-3D3EDD0A4781}.Debug|x64.Build.0 = Debug|Any CPU
		{8A3D9461-BB38-4933-A3A8-3D3EDD0A4781}.Debug|x86.ActiveCfg = Debug|Any CPU
		{8A3D9461-BB38-4933-A3A8-3D3EDD0A4781}.Debug|x86.Build.0 = Debug|Any CPU
		{8A3D9461-BB38-4933-A3A8-3D3EDD0A4781}.Release|Any CPU.ActiveCfg = Release|Any CPU
		{8A3D9461-BB38-4933-A3A8-3D3EDD0A4781}.Release|Any CPU.Build.0 = Release|Any CPU
		{8A3D9461-BB38-4933-A3A8-3D3EDD0A4781}.Release|x64.ActiveCfg = Release|Any CPU
		{8A3D9461-BB38-4933-A3A8-3D3EDD0A4781}.Release|x64.Build.0 = Release|Any CPU
		{8A3D9461-BB38-4933-A3A8-3D3EDD0A4781}.Release|x86.ActiveCfg = Release|Any CPU
		{8A3D9461-BB38-4933-A3A8-3D3EDD0A4781}.Release|x86.Build.0 = Release|Any CPU
		{3DC72125-982B-4A7A-80FF-C607979DC6E6}.Debug|Any CPU.ActiveCfg = Debug|Any CPU
		{3DC72125-982B-4A7A-80FF-C607979DC6E6}.Debug|Any CPU.Build.0 = Debug|Any CPU
		{3DC72125-982B-4A7A-80FF-C607979DC6E6}.Debug|x64.ActiveCfg = Debug|Any CPU
		{3DC72125-982B-4A7A-80FF-C607979DC6E6}.Debug|x64.Build.0 = Debug|Any CPU
		{3DC72125-982B-4A7A-80FF-C607979DC6E6}.Debug|x86.ActiveCfg = Debug|Any CPU
		{3DC72125-982B-4A7A-80FF-C607979DC6E6}.Debug|x86.Build.0 = Debug|Any CPU
		{3DC72125-982B-4A7A-80FF-C607979DC6E6}.Release|Any CPU.ActiveCfg = Release|Any CPU
		{3DC72125-982B-4A7A-80FF-C607979DC6E6}.Release|Any CPU.Build.0 = Release|Any CPU
		{3DC72125-982B-4A7A-80FF-C607979DC6E6}.Release|x64.ActiveCfg = Release|Any CPU
		{3DC72125-982B-4A7A-80FF-C607979DC6E6}.Release|x64.Build.0 = Release|Any CPU
		{3DC72125-982B-4A7A-80FF-C607979DC6E6}.Release|x86.ActiveCfg = Release|Any CPU
		{3DC72125-982B-4A7A-80FF-C607979DC6E6}.Release|x86.Build.0 = Release|Any CPU
		{C0247806-F6A0-49CF-AF59-9244C0747BCA}.Debug|Any CPU.ActiveCfg = Debug|Any CPU
		{C0247806-F6A0-49CF-AF59-9244C0747BCA}.Debug|Any CPU.Build.0 = Debug|Any CPU
		{C0247806-F6A0-49CF-AF59-9244C0747BCA}.Debug|x64.ActiveCfg = Debug|Any CPU
		{C0247806-F6A0-49CF-AF59-9244C0747BCA}.Debug|x64.Build.0 = Debug|Any CPU
		{C0247806-F6A0-49CF-AF59-9244C0747BCA}.Debug|x86.ActiveCfg = Debug|Any CPU
		{C0247806-F6A0-49CF-AF59-9244C0747BCA}.Debug|x86.Build.0 = Debug|Any CPU
		{C0247806-F6A0-49CF-AF59-9244C0747BCA}.Release|Any CPU.ActiveCfg = Release|Any CPU
		{C0247806-F6A0-49CF-AF59-9244C0747BCA}.Release|Any CPU.Build.0 = Release|Any CPU
		{C0247806-F6A0-49CF-AF59-9244C0747BCA}.Release|x64.ActiveCfg = Release|Any CPU
		{C0247806-F6A0-49CF-AF59-9244C0747BCA}.Release|x64.Build.0 = Release|Any CPU
		{C0247806-F6A0-49CF-AF59-9244C0747BCA}.Release|x86.ActiveCfg = Release|Any CPU
		{C0247806-F6A0-49CF-AF59-9244C0747BCA}.Release|x86.Build.0 = Release|Any CPU
	EndGlobalSection
	GlobalSection(SolutionProperties) = preSolution
		HideSolutionNode = FALSE
	EndGlobalSection
EndGlobal
