
Microsoft Visual Studio Solution File, Format Version 12.00
Project("{FAE04EC0-301F-11D3-BF4B-00C04F79EFBC}") = "Plank", "Plank\Plank.csproj", "{01C336EB-C4FE-4883-AC6A-C058FE715647}"
EndProject
Project("{FAE04EC0-301F-11D3-BF4B-00C04F79EFBC}") = "Plank.Tests", "Plank.Tests\Plank.Tests.csproj", "{36DE61C8-BA9B-4DF1-B05B-23347CDEE47C}"
EndProject
Project("{FAE04EC0-301F-11D3-BF4B-00C04F79EFBC}") = "Plank.IO.ZeroAlloc", "Plank.IO.ZeroAlloc\Plank.IO.ZeroAlloc.csproj", "{6C35D447-6C31-4619-AE10-909132A8609A}"
EndProject
Project("{FAE04EC0-301F-11D3-BF4B-00C04F79EFBC}") = "Plank.SourceGen", "Plank.SourceGen\Plank.SourceGen.csproj", "{1F6808C8-595A-4C7C-9D83-758AEADF94EA}"
EndProject
Project("{FAE04EC0-301F-11D3-BF4B-00C04F79EFBC}") = "Plank.Benchmarks", "Plank.Benchmarks\Plank.Benchmarks.csproj", "{8A3D9461-BB38-4933-A3A8-3D3EDD0A4781}"
EndProject
Project("{FAE04EC0-301F-11D3-BF4B-00C04F79EFBC}") = "Plank.IO.ZeroAlloc.Tests", "Plank.IO.ZeroAlloc.Tests\Plank.IO.ZeroAlloc.Tests.csproj", "{3DC72125-982B-4A7A-80FF-C607979DC6E6}"
EndProject
Project("{FAE04EC0-301F-11D3-BF4B-00C04F79EFBC}") = "Plank.Snappy", "Plank.Snappy\Plank.Snappy.csproj", "{3BA1C641-F017-4F9D-B06F-02EFB95D400B}"
EndProject
Project("{2150E333-8FDC-42A3-9474-1A3956D46DE8}") = "Samples", "Samples", "{5D20AA90-6969-D8BD-9DCD-8634F4692FDA}"
EndProject
Project("{FAE04EC0-301F-11D3-BF4B-00C04F79EFBC}") = "Plank.Sample", "Samples\Plank.Sample\Plank.Sample.csproj", "{D5A1F197-5CA2-4982-B9A3-A0A98715699F}"
EndProject
Project("{FAE04EC0-301F-11D3-BF4B-00C04F79EFBC}") = "Plank.Native.Zlib", "Plank.Native.Zlib\Plank.Native.Zlib.csproj", "{9CAB4734-0EA3-4107-B350-571DB86AF063}"
EndProject
Project("{FAE04EC0-301F-11D3-BF4B-00C04F79EFBC}") = "Plank.Fuzzing", "Plank.Fuzzing\Plank.Fuzzing.csproj", "{547A4DFD-7031-4984-AF2E-C2A65D8B13E9}"
EndProject
Project("{FAE04EC0-301F-11D3-BF4B-00C04F79EFBC}") = "Plank.Fuzzing.Target", "Plank.Fuzzing.Target\Plank.Fuzzing.Target.csproj", "{32288C5D-A251-40C1-8ACB-C91C736148CA}"
EndProject
Global
	GlobalSection(SolutionConfigurationPlatforms) = preSolution
		Debug|Any CPU = Debug|Any CPU
		Debug|x64 = Debug|x64
		Debug|x86 = Debug|x86
		Release|Any CPU = Release|Any CPU
		Release|x64 = Release|x64
		Release|x86 = Release|x86
	EndGlobalSection
	GlobalSection(ProjectConfigurationPlatforms) = postSolution
		{01C336EB-C4FE-4883-AC6A-C058FE715647}.Debug|Any CPU.ActiveCfg = Debug|Any CPU
		{01C336EB-C4FE-4883-AC6A-C058FE715647}.Debug|Any CPU.Build.0 = Debug|Any CPU
		{01C336EB-C4FE-4883-AC6A-C058FE715647}.Debug|x64.ActiveCfg = Debug|Any CPU
		{01C336EB-C4FE-4883-AC6A-C058FE715647}.Debug|x64.Build.0 = Debug|Any CPU
		{01C336EB-C4FE-4883-AC6A-C058FE715647}.Debug|x86.ActiveCfg = Debug|Any CPU
		{01C336EB-C4FE-4883-AC6A-C058FE715647}.Debug|x86.Build.0 = Debug|Any CPU
		{01C336EB-C4FE-4883-AC6A-C058FE715647}.Release|Any CPU.ActiveCfg = Release|Any CPU
		{01C336EB-C4FE-4883-AC6A-C058FE715647}.Release|Any CPU.Build.0 = Release|Any CPU
		{01C336EB-C4FE-4883-AC6A-C058FE715647}.Release|x64.ActiveCfg = Release|Any CPU
		{01C336EB-C4FE-4883-AC6A-C058FE715647}.Release|x64.Build.0 = Release|Any CPU
		{01C336EB-C4FE-4883-AC6A-C058FE715647}.Release|x86.ActiveCfg = Release|Any CPU
		{01C336EB-C4FE-4883-AC6A-C058FE715647}.Release|x86.Build.0 = Release|Any CPU
		{36DE61C8-BA9B-4DF1-B05B-23347CDEE47C}.Debug|Any CPU.ActiveCfg = Debug|Any CPU
		{36DE61C8-BA9B-4DF1-B05B-23347CDEE47C}.Debug|Any CPU.Build.0 = Debug|Any CPU
		{36DE61C8-BA9B-4DF1-B05B-23347CDEE47C}.Debug|x64.ActiveCfg = Debug|Any CPU
		{36DE61C8-BA9B-4DF1-B05B-23347CDEE47C}.Debug|x64.Build.0 = Debug|Any CPU
		{36DE61C8-BA9B-4DF1-B05B-23347CDEE47C}.Debug|x86.ActiveCfg = Debug|Any CPU
		{36DE61C8-BA9B-4DF1-B05B-23347CDEE47C}.Debug|x86.Build.0 = Debug|Any CPU
		{36DE61C8-BA9B-4DF1-B05B-23347CDEE47C}.Release|Any CPU.ActiveCfg = Release|Any CPU
		{36DE61C8-BA9B-4DF1-B05B-23347CDEE47C}.Release|Any CPU.Build.0 = Release|Any CPU
		{36DE61C8-BA9B-4DF1-B05B-23347CDEE47C}.Release|x64.ActiveCfg = Release|Any CPU
		{36DE61C8-BA9B-4DF1-B05B-23347CDEE47C}.Release|x64.Build.0 = Release|Any CPU
		{36DE61C8-BA9B-4DF1-B05B-23347CDEE47C}.Release|x86.ActiveCfg = Release|Any CPU
		{36DE61C8-BA9B-4DF1-B05B-23347CDEE47C}.Release|x86.Build.0 = Release|Any CPU
		{6C35D447-6C31-4619-AE10-909132A8609A}.Debug|Any CPU.ActiveCfg = Debug|Any CPU
		{6C35D447-6C31-4619-AE10-909132A8609A}.Debug|Any CPU.Build.0 = Debug|Any CPU
		{6C35D447-6C31-4619-AE10-909132A8609A}.Debug|x64.ActiveCfg = Debug|Any CPU
		{6C35D447-6C31-4619-AE10-909132A8609A}.Debug|x64.Build.0 = Debug|Any CPU
		{6C35D447-6C31-4619-AE10-909132A8609A}.Debug|x86.ActiveCfg = Debug|Any CPU
		{6C35D447-6C31-4619-AE10-909132A8609A}.Debug|x86.Build.0 = Debug|Any CPU
		{6C35D447-6C31-4619-AE10-909132A8609A}.Release|Any CPU.ActiveCfg = Release|Any CPU
		{6C35D447-6C31-4619-AE10-909132A8609A}.Release|Any CPU.Build.0 = Release|Any CPU
		{6C35D447-6C31-4619-AE10-909132A8609A}.Release|x64.ActiveCfg = Release|Any CPU
		{6C35D447-6C31-4619-AE10-909132A8609A}.Release|x64.Build.0 = Release|Any CPU
		{6C35D447-6C31-4619-AE10-909132A8609A}.Release|x86.ActiveCfg = Release|Any CPU
		{6C35D447-6C31-4619-AE10-909132A8609A}.Release|x86.Build.0 = Release|Any CPU
		{1F6808C8-595A-4C7C-9D83-758AEADF94EA}.Debug|Any CPU.ActiveCfg = Debug|Any CPU
		{1F6808C8-595A-4C7C-9D83-758AEADF94EA}.Debug|Any CPU.Build.0 = Debug|Any CPU
		{1F6808C8-595A-4C7C-9D83-758AEADF94EA}.Debug|x64.ActiveCfg = Debug|Any CPU
		{1F6808C8-595A-4C7C-9D83-758AEADF94EA}.Debug|x64.Build.0 = Debug|Any CPU
		{1F6808C8-595A-4C7C-9D83-758AEADF94EA}.Debug|x86.ActiveCfg = Debug|Any CPU
		{1F6808C8-595A-4C7C-9D83-758AEADF94EA}.Debug|x86.Build.0 = Debug|Any CPU
		{1F6808C8-595A-4C7C-9D83-758AEADF94EA}.Release|Any CPU.ActiveCfg = Release|Any CPU
		{1F6808C8-595A-4C7C-9D83-758AEADF94EA}.Release|Any CPU.Build.0 = Release|Any CPU
		{1F6808C8-595A-4C7C-9D83-758AEADF94EA}.Release|x64.ActiveCfg = Release|Any CPU
		{1F6808C8-595A-4C7C-9D83-758AEADF94EA}.Release|x64.Build.0 = Release|Any CPU
		{1F6808C8-595A-4C7C-9D83-758AEADF94EA}.Release|x86.ActiveCfg = Release|Any CPU
		{1F6808C8-595A-4C7C-9D83-758AEADF94EA}.Release|x86.Build.0 = Release|Any CPU
		{8A3D9461-BB38-4933-A3A8-3D3EDD0A4781}.Debug|Any CPU.ActiveCfg = Debug|Any CPU
		{8A3D9461-BB38-4933-A3A8-3D3EDD0A4781}.Debug|Any CPU.Build.0 = Debug|Any CPU
		{8A3D9461-BB38-4933-A3A8-3D3EDD0A4781}.Debug|x64.ActiveCfg = Debug|Any CPU
		{8A3D9461-BB38-4933-A3A8-3D3EDD0A4781}.Debug|x64.Build.0 = Debug|Any CPU
		{8A3D9461-BB38-4933-A3A8-3D3EDD0A4781}.Debug|x86.ActiveCfg = Debug|Any CPU
		{8A3D9461-BB38-4933-A3A8-3D3EDD0A4781}.Debug|x86.Build.0 = Debug|Any CPU
		{8A3D9461-BB38-4933-A3A8-3D3EDD0A4781}.Release|Any CPU.ActiveCfg = Release|Any CPU
		{8A3D9461-BB38-4933-A3A8-3D3EDD0A4781}.Release|Any CPU.Build.0 = Release|Any CPU
		{8A3D9461-BB38-4933-A3A8-3D3EDD0A4781}.Release|x64.ActiveCfg = Release|Any CPU
		{8A3D9461-BB38-4933-A3A8-3D3EDD0A4781}.Release|x64.Build.0 = Release|Any CPU
		{8A3D9461-BB38-4933-A3A8-3D3EDD0A4781}.Release|x86.ActiveCfg = Release|Any CPU
		{8A3D9461-BB38-4933-A3A8-3D3EDD0A4781}.Release|x86.Build.0 = Release|Any CPU
		{3DC72125-982B-4A7A-80FF-C607979DC6E6}.Debug|Any CPU.ActiveCfg = Debug|Any CPU
		{3DC72125-982B-4A7A-80FF-C607979DC6E6}.Debug|Any CPU.Build.0 = Debug|Any CPU
		{3DC72125-982B-4A7A-80FF-C607979DC6E6}.Debug|x64.ActiveCfg = Debug|Any CPU
		{3DC72125-982B-4A7A-80FF-C607979DC6E6}.Debug|x64.Build.0 = Debug|Any CPU
		{3DC72125-982B-4A7A-80FF-C607979DC6E6}.Debug|x86.ActiveCfg = Debug|Any CPU
		{3DC72125-982B-4A7A-80FF-C607979DC6E6}.Debug|x86.Build.0 = Debug|Any CPU
		{3DC72125-982B-4A7A-80FF-C607979DC6E6}.Release|Any CPU.ActiveCfg = Release|Any CPU
		{3DC72125-982B-4A7A-80FF-C607979DC6E6}.Release|Any CPU.Build.0 = Release|Any CPU
		{3DC72125-982B-4A7A-80FF-C607979DC6E6}.Release|x64.ActiveCfg = Release|Any CPU
		{3DC72125-982B-4A7A-80FF-C607979DC6E6}.Release|x64.Build.0 = Release|Any CPU
		{3DC72125-982B-4A7A-80FF-C607979DC6E6}.Release|x86.ActiveCfg = Release|Any CPU
		{3DC72125-982B-4A7A-80FF-C607979DC6E6}.Release|x86.Build.0 = Release|Any CPU
		{3BA1C641-F017-4F9D-B06F-02EFB95D400B}.Debug|Any CPU.ActiveCfg = Debug|Any CPU
		{3BA1C641-F017-4F9D-B06F-02EFB95D400B}.Debug|Any CPU.Build.0 = Debug|Any CPU
		{3BA1C641-F017-4F9D-B06F-02EFB95D400B}.Debug|x64.ActiveCfg = Debug|Any CPU
		{3BA1C641-F017-4F9D-B06F-02EFB95D400B}.Debug|x64.Build.0 = Debug|Any CPU
		{3BA1C641-F017-4F9D-B06F-02EFB95D400B}.Debug|x86.ActiveCfg = Debug|Any CPU
		{3BA1C641-F017-4F9D-B06F-02EFB95D400B}.Debug|x86.Build.0 = Debug|Any CPU
		{3BA1C641-F017-4F9D-B06F-02EFB95D400B}.Release|Any CPU.ActiveCfg = Release|Any CPU
		{3BA1C641-F017-4F9D-B06F-02EFB95D400B}.Release|Any CPU.Build.0 = Release|Any CPU
		{3BA1C641-F017-4F9D-B06F-02EFB95D400B}.Release|x64.ActiveCfg = Release|Any CPU
		{3BA1C641-F017-4F9D-B06F-02EFB95D400B}.Release|x64.Build.0 = Release|Any CPU
		{3BA1C641-F017-4F9D-B06F-02EFB95D400B}.Release|x86.ActiveCfg = Release|Any CPU
		{3BA1C641-F017-4F9D-B06F-02EFB95D400B}.Release|x86.Build.0 = Release|Any CPU
		{D5A1F197-5CA2-4982-B9A3-A0A98715699F}.Debug|Any CPU.ActiveCfg = Debug|Any CPU
		{D5A1F197-5CA2-4982-B9A3-A0A98715699F}.Debug|Any CPU.Build.0 = Debug|Any CPU
		{D5A1F197-5CA2-4982-B9A3-A0A98715699F}.Debug|x64.ActiveCfg = Debug|Any CPU
		{D5A1F197-5CA2-4982-B9A3-A0A98715699F}.Debug|x64.Build.0 = Debug|Any CPU
		{D5A1F197-5CA2-4982-B9A3-A0A98715699F}.Debug|x86.ActiveCfg = Debug|Any CPU
		{D5A1F197-5CA2-4982-B9A3-A0A98715699F}.Debug|x86.Build.0 = Debug|Any CPU
		{D5A1F197-5CA2-4982-B9A3-A0A98715699F}.Release|Any CPU.ActiveCfg = Release|Any CPU
		{D5A1F197-5CA2-4982-B9A3-A0A98715699F}.Release|Any CPU.Build.0 = Release|Any CPU
		{D5A1F197-5CA2-4982-B9A3-A0A98715699F}.Release|x64.ActiveCfg = Release|Any CPU
		{D5A1F197-5CA2-4982-B9A3-A0A98715699F}.Release|x64.Build.0 = Release|Any CPU
		{D5A1F197-5CA2-4982-B9A3-A0A98715699F}.Release|x86.ActiveCfg = Release|Any CPU
		{D5A1F197-5CA2-4982-B9A3-A0A98715699F}.Release|x86.Build.0 = Release|Any CPU
		{9CAB4734-0EA3-4107-B350-571DB86AF063}.Debug|Any CPU.ActiveCfg = Debug|Any CPU
		{9CAB4734-0EA3-4107-B350-571DB86AF063}.Debug|Any CPU.Build.0 = Debug|Any CPU
		{9CAB4734-0EA3-4107-B350-571DB86AF063}.Debug|x64.ActiveCfg = Debug|Any CPU
		{9CAB4734-0EA3-4107-B350-571DB86AF063}.Debug|x64.Build.0 = Debug|Any CPU
		{9CAB4734-0EA3-4107-B350-571DB86AF063}.Debug|x86.ActiveCfg = Debug|Any CPU
		{9CAB4734-0EA3-4107-B350-571DB86AF063}.Debug|x86.Build.0 = Debug|Any CPU
		{9CAB4734-0EA3-4107-B350-571DB86AF063}.Release|Any CPU.ActiveCfg = Release|Any CPU
		{9CAB4734-0EA3-4107-B350-571DB86AF063}.Release|Any CPU.Build.0 = Release|Any CPU
		{9CAB4734-0EA3-4107-B350-571DB86AF063}.Release|x64.ActiveCfg = Release|Any CPU
		{9CAB4734-0EA3-4107-B350-571DB86AF063}.Release|x64.Build.0 = Release|Any CPU
		{9CAB4734-0EA3-4107-B350-571DB86AF063}.Release|x86.ActiveCfg = Release|Any CPU
		{9CAB4734-0EA3-4107-B350-571DB86AF063}.Release|x86.Build.0 = Release|Any CPU
		{547A4DFD-7031-4984-AF2E-C2A65D8B13E9}.Debug|Any CPU.ActiveCfg = Debug|Any CPU
		{547A4DFD-7031-4984-AF2E-C2A65D8B13E9}.Debug|Any CPU.Build.0 = Debug|Any CPU
		{547A4DFD-7031-4984-AF2E-C2A65D8B13E9}.Debug|x64.ActiveCfg = Debug|Any CPU
		{547A4DFD-7031-4984-AF2E-C2A65D8B13E9}.Debug|x64.Build.0 = Debug|Any CPU
		{547A4DFD-7031-4984-AF2E-C2A65D8B13E9}.Debug|x86.ActiveCfg = Debug|Any CPU
		{547A4DFD-7031-4984-AF2E-C2A65D8B13E9}.Debug|x86.Build.0 = Debug|Any CPU
		{547A4DFD-7031-4984-AF2E-C2A65D8B13E9}.Release|Any CPU.ActiveCfg = Release|Any CPU
		{547A4DFD-7031-4984-AF2E-C2A65D8B13E9}.Release|Any CPU.Build.0 = Release|Any CPU
		{547A4DFD-7031-4984-AF2E-C2A65D8B13E9}.Release|x64.ActiveCfg = Release|Any CPU
		{547A4DFD-7031-4984-AF2E-C2A65D8B13E9}.Release|x64.Build.0 = Release|Any CPU
		{547A4DFD-7031-4984-AF2E-C2A65D8B13E9}.Release|x86.ActiveCfg = Release|Any CPU
		{547A4DFD-7031-4984-AF2E-C2A65D8B13E9}.Release|x86.Build.0 = Release|Any CPU
		{32288C5D-A251-40C1-8ACB-C91C736148CA}.Debug|Any CPU.ActiveCfg = Debug|Any CPU
		{32288C5D-A251-40C1-8ACB-C91C736148CA}.Debug|Any CPU.Build.0 = Debug|Any CPU
		{32288C5D-A251-40C1-8ACB-C91C736148CA}.Debug|x64.ActiveCfg = Debug|Any CPU
		{32288C5D-A251-40C1-8ACB-C91C736148CA}.Debug|x64.Build.0 = Debug|Any CPU
		{32288C5D-A251-40C1-8ACB-C91C736148CA}.Debug|x86.ActiveCfg = Debug|Any CPU
		{32288C5D-A251-40C1-8ACB-C91C736148CA}.Debug|x86.Build.0 = Debug|Any CPU
		{32288C5D-A251-40C1-8ACB-C91C736148CA}.Release|Any CPU.ActiveCfg = Release|Any CPU
		{32288C5D-A251-40C1-8ACB-C91C736148CA}.Release|Any CPU.Build.0 = Release|Any CPU
		{32288C5D-A251-40C1-8ACB-C91C736148CA}.Release|x64.ActiveCfg = Release|Any CPU
		{32288C5D-A251-40C1-8ACB-C91C736148CA}.Release|x64.Build.0 = Release|Any CPU
		{32288C5D-A251-40C1-8ACB-C91C736148CA}.Release|x86.ActiveCfg = Release|Any CPU
		{32288C5D-A251-40C1-8ACB-C91C736148CA}.Release|x86.Build.0 = Release|Any CPU
	EndGlobalSection
	GlobalSection(SolutionProperties) = preSolution
		HideSolutionNode = FALSE
	EndGlobalSection
	GlobalSection(NestedProjects) = preSolution
		{D5A1F197-5CA2-4982-B9A3-A0A98715699F} = {5D20AA90-6969-D8BD-9DCD-8634F4692FDA}
	EndGlobalSection
EndGlobal
